
Microsoft Visual Studio Solution File, Format Version 12.00
# Visual Studio Version 16
VisualStudioVersion = 16.0.31702.278
MinimumVisualStudioVersion = 10.0.40219.1
Project("{FAE04EC0-301F-11D3-BF4B-00C04F79EFBC}") = "ProductManagement", "ProductManagement\ProductManagement.csproj", "{35FC4528-3ACB-40A1-BB0A-3811EBD9CA66}"
EndProject
Global
	GlobalSection(SolutionConfigurationPlatforms) = preSolution
		Debug|Any CPU = Debug|Any CPU
		Release|Any CPU = Release|Any CPU
	EndGlobalSection
	GlobalSection(ProjectConfigurationPlatforms) = postSolution
		{35FC4528-3ACB-40A1-BB0A-3811EBD9CA66}.Debug|Any CPU.ActiveCfg = Debug|Any CPU
		{35FC4528-3ACB-40A1-BB0A-3811EBD9CA66}.Debug|Any CPU.Build.0 = Debug|Any CPU
		{35FC4528-3ACB-40A1-BB0A-3811EBD9CA66}.Release|Any CPU.ActiveCfg = Release|Any CPU
		{35FC4528-3ACB-40A1-BB0A-3811EBD9CA66}.Release|Any CPU.Build.0 = Release|Any CPU
	EndGlobalSection
	GlobalSection(SolutionProperties) = preSolution
		HideSolutionNode = FALSE
	EndGlobalSection
	GlobalSection(ExtensibilityGlobals) = postSolution
		SolutionGuid = {C2995FDE-11B7-4A73-BA90-AD0F1CE9BD2A}
	EndGlobalSection
EndGlobal
